{
  "runtimeTarget": {
    "name": ".NETFramework,Version=v4.7.2"
  },
  "targets": {
    ".NETFramework,Version=v4.7.2": {
      "TF.Oms.Database/0.0.0": {
        "type": "project",
        "runtime": {
          "TF.Oms.Database.dll": {}
        }
      },
      "RoslynPad.Runtime/0.0.0": {
        "type": "project",
        "runtime": {
          "RoslynPad.Runtime.dll": {}
        }
      }
    }
  },
  "libraries": {
    "TF.Oms.Database/0.0.0": {
      "type": "project",
      "serviceable": false,
      "sha512": ""
    },
    "RoslynPad.Runtime/0.0.0": {
      "type": "project",
      "serviceable": false,
      "sha512": ""
    }
  }
}